// !$*UTF8*$!
{ archiveVersion = 1; classes = {}; objectVersion = 56; objects = {
00000000000000000000000A = { isa = PBXFileReference; lastKnownFileType = sourcecode.swift; path = ReviewFlowDemoApp.swift; sourceTree = "<group>"; };
000000000000000000000014 = { isa = PBXBuildFile; fileRef = 00000000000000000000000A; };
00000000000000000000000B = { isa = PBXFileReference; lastKnownFileType = sourcecode.swift; path = DemoModel.swift; sourceTree = "<group>"; };
000000000000000000000015 = { isa = PBXBuildFile; fileRef = 00000000000000000000000B; };
00000000000000000000000C = { isa = PBXFileReference; lastKnownFileType = sourcecode.swift; path = DemoView.swift; sourceTree = "<group>"; };
000000000000000000000016 = { isa = PBXBuildFile; fileRef = 00000000000000000000000C; };
00000000000000000000001E = { isa = PBXFileReference; explicitFileType = wrapper.application; path = ReviewFlowDemo.app; sourceTree = BUILT_PRODUCTS_DIR; };
00000000000000000000001F = { isa = PBXGroup; children = (000000000000000000000020, 000000000000000000000021); sourceTree = "<group>"; };
000000000000000000000020 = { isa = PBXGroup; path = ReviewFlowDemo; children = (00000000000000000000000A,00000000000000000000000B,00000000000000000000000C); sourceTree = "<group>"; };
000000000000000000000021 = { isa = PBXGroup; name = Products; children = (00000000000000000000001E); sourceTree = "<group>"; };
000000000000000000000028 = { isa = PBXSourcesBuildPhase; buildActionMask = 2147483647; files = (000000000000000000000014,000000000000000000000015,000000000000000000000016); runOnlyForDeploymentPostprocessing = 0; };
000000000000000000000029 = { isa = PBXFrameworksBuildPhase; buildActionMask = 2147483647; files = (); runOnlyForDeploymentPostprocessing = 0; };
00000000000000000000002A = { isa = PBXResourcesBuildPhase; buildActionMask = 2147483647; files = (); runOnlyForDeploymentPostprocessing = 0; };
00000000000000000000002B = { isa = PBXShellScriptBuildPhase; alwaysOutOfDate = 1; buildActionMask = 2147483647; files = (); inputPaths = (); outputPaths = (); name = "Build ReviewFlow demo framework"; runOnlyForDeploymentPostprocessing = 0; shellPath = /bin/bash; shellScript = "\"$SRCROOT/build-framework.sh\""; };
000000000000000000000032 = { isa = PBXNativeTarget; buildConfigurationList = 00000000000000000000003D; buildPhases = (00000000000000000000002B,000000000000000000000028,000000000000000000000029,00000000000000000000002A); buildRules = (); dependencies = (); name = ReviewFlowDemo; productName = ReviewFlowDemo; productReference = 00000000000000000000001E; productType = "com.apple.product-type.application"; };
000000000000000000000046 = { isa = XCBuildConfiguration; name = Debug; buildSettings = { CLANG_ENABLE_MODULES = YES; IPHONEOS_DEPLOYMENT_TARGET = 16.0; SDKROOT = iphoneos; SWIFT_VERSION = 6.0; DEBUG_INFORMATION_FORMAT = dwarf; ONLY_ACTIVE_ARCH = YES; }; };
000000000000000000000047 = { isa = XCBuildConfiguration; name = Release; buildSettings = { CLANG_ENABLE_MODULES = YES; IPHONEOS_DEPLOYMENT_TARGET = 16.0; SDKROOT = iphoneos; SWIFT_VERSION = 6.0; DEBUG_INFORMATION_FORMAT = "dwarf-with-dsym"; }; };
000000000000000000000048 = { isa = XCBuildConfiguration; name = Debug; buildSettings = { CODE_SIGN_STYLE = Automatic; CURRENT_PROJECT_VERSION = 1; GENERATE_INFOPLIST_FILE = YES; INFOPLIST_KEY_CFBundleDisplayName = "ReviewFlow Demo"; INFOPLIST_KEY_LSApplicationCategoryType = "public.app-category.developer-tools"; INFOPLIST_KEY_UILaunchScreen_Generation = YES; INFOPLIST_KEY_UIApplicationSceneManifest_Generation = YES; INFOPLIST_KEY_UISupportedInterfaceOrientations = "UIInterfaceOrientationPortrait UIInterfaceOrientationPortraitUpsideDown UIInterfaceOrientationLandscapeLeft UIInterfaceOrientationLandscapeRight"; MARKETING_VERSION = 1.0; PRODUCT_BUNDLE_IDENTIFIER = com.zleptnig.reviewflow.iosdemo; PRODUCT_NAME = "$(TARGET_NAME)"; SUPPORTED_PLATFORMS = "iphoneos iphonesimulator"; "ARCHS[sdk=iphonesimulator*]" = "$(NATIVE_ARCH_ACTUAL)"; TARGETED_DEVICE_FAMILY = "1,2"; ENABLE_USER_SCRIPT_SANDBOXING = NO; FRAMEWORK_SEARCH_PATHS = ("$(inherited)", "$(BUILT_PRODUCTS_DIR)"); OTHER_LDFLAGS = ("$(inherited)", "-framework", ReviewFlowDemoKit, "-lc++"); SWIFT_OPTIMIZATION_LEVEL = "-Onone"; }; };
000000000000000000000049 = { isa = XCBuildConfiguration; name = Release; buildSettings = { CODE_SIGN_STYLE = Automatic; CURRENT_PROJECT_VERSION = 1; GENERATE_INFOPLIST_FILE = YES; INFOPLIST_KEY_CFBundleDisplayName = "ReviewFlow Demo"; INFOPLIST_KEY_LSApplicationCategoryType = "public.app-category.developer-tools"; INFOPLIST_KEY_UILaunchScreen_Generation = YES; INFOPLIST_KEY_UIApplicationSceneManifest_Generation = YES; INFOPLIST_KEY_UISupportedInterfaceOrientations = "UIInterfaceOrientationPortrait UIInterfaceOrientationPortraitUpsideDown UIInterfaceOrientationLandscapeLeft UIInterfaceOrientationLandscapeRight"; MARKETING_VERSION = 1.0; PRODUCT_BUNDLE_IDENTIFIER = com.zleptnig.reviewflow.iosdemo; PRODUCT_NAME = "$(TARGET_NAME)"; SUPPORTED_PLATFORMS = "iphoneos iphonesimulator"; "ARCHS[sdk=iphonesimulator*]" = "$(NATIVE_ARCH_ACTUAL)"; TARGETED_DEVICE_FAMILY = "1,2"; ENABLE_USER_SCRIPT_SANDBOXING = NO; FRAMEWORK_SEARCH_PATHS = ("$(inherited)", "$(BUILT_PRODUCTS_DIR)"); OTHER_LDFLAGS = ("$(inherited)", "-framework", ReviewFlowDemoKit, "-lc++"); SWIFT_OPTIMIZATION_LEVEL = "-O"; }; };
00000000000000000000003C = { isa = XCConfigurationList; buildConfigurations = (000000000000000000000046,000000000000000000000047); defaultConfigurationIsVisible = 0; defaultConfigurationName = Release; };
00000000000000000000003D = { isa = XCConfigurationList; buildConfigurations = (000000000000000000000048,000000000000000000000049); defaultConfigurationIsVisible = 0; defaultConfigurationName = Release; };
000000000000000000000001 = { isa = PBXProject; attributes = { LastUpgradeCheck = 2600; }; buildConfigurationList = 00000000000000000000003C; compatibilityVersion = "Xcode 14.0"; developmentRegion = en; hasScannedForEncodings = 0; knownRegions = (en,Base); mainGroup = 00000000000000000000001F; productRefGroup = 000000000000000000000021; projectDirPath = ""; projectRoot = ""; targets = (000000000000000000000032); };
}; rootObject = 000000000000000000000001; }
